dependencies:
- name: loki
  repository: https://grafana.github.io/helm-charts
  version: 6.49.0
- name: alloy
  repository: https://grafana.github.io/helm-charts
  version: 1.5.1
- name: kube-prometheus-stack
  repository: https://prometheus-community.github.io/helm-charts
  version: 80.11.0
digest: sha256:bf49bb471e5474212fc0efed11f54e5001ff536a3d8c204ea1f70a1404dc60d6
generated: "2026-01-21T12:59:37.715471008Z"
