dependencies:
- name: kube-prometheus-stack
  repository: https://prometheus-community.github.io/helm-charts
  version: 80.11.0
- name: grafana
  repository: https://grafana.github.io/helm-charts
  version: 10.5.15
- name: loki
  repository: https://grafana.github.io/helm-charts
  version: 6.49.0
- name: tempo
  repository: https://grafana.github.io/helm-charts
  version: 1.24.4
- name: alloy
  repository: https://grafana.github.io/helm-charts
  version: 1.5.1
digest: sha256:0e1a7b8730ba8730a5b39b3e670938216e3a20e4047165ff066adc5707538ec2
generated: "2026-06-02T20:45:18.374757478+01:00"
